
Microsoft Visual Studio Solution File, Format Version 12.00
# Visual Studio 15
VisualStudioVersion = 15.0.28307.271
MinimumVisualStudioVersion = 10.0.40219.1
Project("{FAE04EC0-301F-11D3-BF4B-00C04F79EFBC}") = "UPastebin", "WindowsFormsApp1\UPastebin.csproj", "{521C58EA-5F4F-4958-BF32-A67826FBBEB4}"
EndProject
Global
	GlobalSection(SolutionConfigurationPlatforms) = preSolution
		Debug|Any CPU = Debug|Any CPU
		Release|Any CPU = Release|Any CPU
	EndGlobalSection
	GlobalSection(ProjectConfigurationPlatforms) = postSolution
		{521C58EA-5F4F-4958-BF32-A67826FBBEB4}.Debug|Any CPU.ActiveCfg = Debug|Any CPU
		{521C58EA-5F4F-4958-BF32-A67826FBBEB4}.Debug|Any CPU.Build.0 = Debug|Any CPU
		{521C58EA-5F4F-4958-BF32-A67826FBBEB4}.Release|Any CPU.ActiveCfg = Release|Any CPU
		{521C58EA-5F4F-4958-BF32-A67826FBBEB4}.Release|Any CPU.Build.0 = Release|Any CPU
	EndGlobalSection
	GlobalSection(SolutionProperties) = preSolution
		HideSolutionNode = FALSE
	EndGlobalSection
	GlobalSection(ExtensibilityGlobals) = postSolution
		SolutionGuid = {9E147364-B71F-4354-97E9-7610B479609E}
	EndGlobalSection
EndGlobal
